{
  "version": 4,
  "terraform_version": "1.9.7",
  "serial": 39,
  "lineage": "fbe149f9-2da0-c622-ae20-92c6d2805539",
  "outputs": {},
  "resources": [
    {
      "mode": "managed",
      "type": "aws_ebs_encryption_by_default",
      "name": "example",
      "provider": "provider[\"registry.terraform.io/hashicorp/aws\"]",
      "instances": [
        {
          "schema_version": 0,
          "attributes": {
            "enabled": true,
            "id": "terraform-20241031175557570400000002"
          },
          "sensitive_attributes": [],
          "private": "bnVsbA=="
        }
      ]
    },
    {
      "mode": "managed",
      "type": "aws_ebs_volume",
      "name": "multi_attach_ebs",
      "provider": "provider[\"registry.terraform.io/hashicorp/aws\"]",
      "instances": [
        {
          "schema_version": 0,
          "attributes": {
            "arn": "arn:aws:ec2:ap-south-1:148761650130:volume/vol-02ea2d05a86fa5b67",
            "availability_zone": "ap-south-1a",
            "encrypted": true,
            "final_snapshot": false,
            "id": "vol-02ea2d05a86fa5b67",
            "iops": 100,
            "kms_key_id": "arn:aws:kms:ap-south-1:148761650130:key/36d4b1e0-3e3e-438c-b741-a529ffeb3796",
            "multi_attach_enabled": true,
            "outpost_arn": "",
            "size": 5,
            "snapshot_id": "",
            "tags": {},
            "tags_all": {},
            "throughput": 0,
            "timeouts": null,
            "type": "io2"
          },
          "sensitive_attributes": [],
          "private": "eyJlMmJmYjczMC1lY2FhLTExZTYtOGY4OC0zNDM2M2JjN2M0YzAiOnsiY3JlYXRlIjozMDAwMDAwMDAwMDAsImRlbGV0ZSI6NjAwMDAwMDAwMDAwLCJ1cGRhdGUiOjMwMDAwMDAwMDAwMH19"
        }
      ]
    },
    {
      "mode": "managed",
      "type": "aws_ec2_instance_connect_endpoint",
      "name": "example",
      "provider": "provider[\"registry.terraform.io/hashicorp/aws\"]",
      "instances": [
        {
          "schema_version": 0,
          "attributes": {
            "arn": "arn:aws:ec2:ap-south-1:148761650130:instance-connect-endpoint/eice-0f859d0598ec17e2d",
            "availability_zone": "ap-south-1a",
            "dns_name": "eice-0f859d0598ec17e2d.a6ff1047.ec2-instance-connect-endpoint.ap-south-1.amazonaws.com",
            "fips_dns_name": null,
            "id": "eice-0f859d0598ec17e2d",
            "network_interface_ids": [
              "eni-02fe1caea597f3588"
            ],
            "owner_id": "148761650130",
            "preserve_client_ip": true,
            "security_group_ids": [
              "sg-05d8faa4a50083c76"
            ],
            "subnet_id": "subnet-0a5eed9968a685280",
            "tags": {
              "Name": "AMQ-MASTER-INSTANCE-ENDPOINT"
            },
            "tags_all": {
              "Name": "AMQ-MASTER-INSTANCE-ENDPOINT"
            },
            "timeouts": null,
            "vpc_id": "vpc-065d644fbcf2199fc"
          },
          "sensitive_attributes": [],
          "dependencies": [
            "aws_subnet.private-subnet-1",
            "aws_vpc.my-vpc-1"
          ]
        }
      ]
    },
    {
      "mode": "managed",
      "type": "aws_efs_file_system",
      "name": "name",
      "provider": "provider[\"registry.terraform.io/hashicorp/aws\"]",
      "instances": [
        {
          "schema_version": 0,
          "attributes": {
            "arn": "arn:aws:elasticfilesystem:ap-south-1:148761650130:file-system/fs-057a27b50aa64905d",
            "availability_zone_id": "",
            "availability_zone_name": "",
            "creation_token": "my-product",
            "dns_name": "fs-057a27b50aa64905d.efs.ap-south-1.amazonaws.com",
            "encrypted": false,
            "id": "fs-057a27b50aa64905d",
            "kms_key_id": "",
            "lifecycle_policy": [],
            "name": "My-EFS",
            "number_of_mount_targets": 1,
            "owner_id": "148761650130",
            "performance_mode": "generalPurpose",
            "protection": [
              {
                "replication_overwrite": "ENABLED"
              }
            ],
            "provisioned_throughput_in_mibps": 0,
            "size_in_bytes": [
              {
                "value": 6144,
                "value_in_ia": 0,
                "value_in_standard": 6144
              }
            ],
            "tags": {
              "Name": "My-EFS"
            },
            "tags_all": {
              "Name": "My-EFS"
            },
            "throughput_mode": "bursting"
          },
          "sensitive_attributes": [],
          "private": "bnVsbA=="
        }
      ]
    },
    {
      "mode": "managed",
      "type": "aws_efs_mount_target",
      "name": "mount-1",
      "provider": "provider[\"registry.terraform.io/hashicorp/aws\"]",
      "instances": [
        {
          "schema_version": 0,
          "attributes": {
            "availability_zone_id": "aps1-az1",
            "availability_zone_name": "ap-south-1a",
            "dns_name": "fs-057a27b50aa64905d.efs.ap-south-1.amazonaws.com",
            "file_system_arn": "arn:aws:elasticfilesystem:ap-south-1:148761650130:file-system/fs-057a27b50aa64905d",
            "file_system_id": "fs-057a27b50aa64905d",
            "id": "fsmt-0558d3091da4676a6",
            "ip_address": "10.0.108.30",
            "mount_target_dns_name": "ap-south-1a.fs-057a27b50aa64905d.efs.ap-south-1.amazonaws.com",
            "network_interface_id": "eni-024820e5a5788f438",
            "owner_id": "148761650130",
            "security_groups": [
              "sg-09530fbbb7ebd957e"
            ],
            "subnet_id": "subnet-08f0547a4df4624ea",
            "timeouts": null
          },
          "sensitive_attributes": [],
          "private": "eyJlMmJmYjczMC1lY2FhLTExZTYtOGY4OC0zNDM2M2JjN2M0YzAiOnsiY3JlYXRlIjoxODAwMDAwMDAwMDAwLCJkZWxldGUiOjYwMDAwMDAwMDAwMH19",
          "dependencies": [
            "aws_efs_file_system.name",
            "aws_security_group.efs-sg",
            "aws_subnet.public-subnet-1",
            "aws_vpc.my-vpc-1"
          ]
        }
      ]
    },
    {
      "mode": "managed",
      "type": "aws_instance",
      "name": "amq-jumphost-instance",
      "provider": "provider[\"registry.terraform.io/hashicorp/aws\"]",
      "instances": [
        {
          "schema_version": 1,
          "attributes": {
            "ami": "ami-022ce6f32988af5fa",
            "arn": "arn:aws:ec2:ap-south-1:148761650130:instance/i-02e90eebddbcaed13",
            "associate_public_ip_address": true,
            "availability_zone": "ap-south-1a",
            "capacity_reservation_specification": [
              {
                "capacity_reservation_preference": "open",
                "capacity_reservation_target": []
              }
            ],
            "cpu_core_count": 1,
            "cpu_options": [
              {
                "amd_sev_snp": "",
                "core_count": 1,
                "threads_per_core": 2
              }
            ],
            "cpu_threads_per_core": 2,
            "credit_specification": [
              {
                "cpu_credits": "unlimited"
              }
            ],
            "disable_api_stop": false,
            "disable_api_termination": false,
            "ebs_block_device": [],
            "ebs_optimized": false,
            "enclave_options": [
              {
                "enabled": false
              }
            ],
            "ephemeral_block_device": [],
            "get_password_data": false,
            "hibernation": false,
            "host_id": "",
            "host_resource_group_arn": null,
            "iam_instance_profile": "",
            "id": "i-02e90eebddbcaed13",
            "instance_initiated_shutdown_behavior": "stop",
            "instance_lifecycle": "",
            "instance_market_options": [],
            "instance_state": "running",
            "instance_type": "t3.micro",
            "ipv6_address_count": 0,
            "ipv6_addresses": [],
            "key_name": "tf-amq-project-key-pair",
            "launch_template": [],
            "maintenance_options": [
              {
                "auto_recovery": "default"
              }
            ],
            "metadata_options": [
              {
                "http_endpoint": "enabled",
                "http_protocol_ipv6": "disabled",
                "http_put_response_hop_limit": 1,
                "http_tokens": "optional",
                "instance_metadata_tags": "disabled"
              }
            ],
            "monitoring": false,
            "network_interface": [],
            "outpost_arn": "",
            "password_data": "",
            "placement_group": "",
            "placement_partition_number": 0,
            "primary_network_interface_id": "eni-0440faeec12efc98b",
            "private_dns": "ip-10-0-107-102.ap-south-1.compute.internal",
            "private_dns_name_options": [
              {
                "enable_resource_name_dns_a_record": false,
                "enable_resource_name_dns_aaaa_record": false,
                "hostname_type": "ip-name"
              }
            ],
            "private_ip": "10.0.107.102",
            "public_dns": "ec2-3-110-187-226.ap-south-1.compute.amazonaws.com",
            "public_ip": "3.110.187.226",
            "root_block_device": [
              {
                "delete_on_termination": true,
                "device_name": "/dev/sda1",
                "encrypted": true,
                "iops": 3000,
                "kms_key_id": "arn:aws:kms:ap-south-1:148761650130:key/36d4b1e0-3e3e-438c-b741-a529ffeb3796",
                "tags": {},
                "tags_all": {},
                "throughput": 125,
                "volume_id": "vol-011440269b23507ac",
                "volume_size": 10,
                "volume_type": "gp3"
              }
            ],
            "secondary_private_ips": [],
            "security_groups": [],
            "source_dest_check": true,
            "spot_instance_request_id": "",
            "subnet_id": "subnet-009eeaf909b3f5a4f",
            "tags": {
              "Name": "AMQ-JUMPHOST-INSTANCE"
            },
            "tags_all": {
              "Name": "AMQ-JUMPHOST-INSTANCE"
            },
            "tenancy": "default",
            "timeouts": null,
            "user_data": null,
            "user_data_base64": null,
            "user_data_replace_on_change": false,
            "volume_tags": null,
            "vpc_security_group_ids": [
              "sg-0b0d5389ca35c3ad9"
            ]
          },
          "sensitive_attributes": [],
          "private": "eyJlMmJmYjczMC1lY2FhLTExZTYtOGY4OC0zNDM2M2JjN2M0YzAiOnsiY3JlYXRlIjo2MDAwMDAwMDAwMDAsImRlbGV0ZSI6MTIwMDAwMDAwMDAwMCwicmVhZCI6OTAwMDAwMDAwMDAwLCJ1cGRhdGUiOjYwMDAwMDAwMDAwMH0sInNjaGVtYV92ZXJzaW9uIjoiMSJ9",
          "dependencies": [
            "aws_key_pair.name",
            "aws_security_group.amq-sg",
            "aws_subnet.public-subnet",
            "aws_vpc.my-vpc-1",
            "tls_private_key.rsa"
          ]
        }
      ]
    },
    {
      "mode": "managed",
      "type": "aws_instance",
      "name": "amq-master-instance",
      "provider": "provider[\"registry.terraform.io/hashicorp/aws\"]",
      "instances": [
        {
          "schema_version": 1,
          "attributes": {
            "ami": "ami-022ce6f32988af5fa",
            "arn": "arn:aws:ec2:ap-south-1:148761650130:instance/i-0e7fb319f3e700f17",
            "associate_public_ip_address": true,
            "availability_zone": "ap-south-1a",
            "capacity_reservation_specification": [
              {
                "capacity_reservation_preference": "open",
                "capacity_reservation_target": []
              }
            ],
            "cpu_core_count": 1,
            "cpu_options": [
              {
                "amd_sev_snp": "",
                "core_count": 1,
                "threads_per_core": 2
              }
            ],
            "cpu_threads_per_core": 2,
            "credit_specification": [
              {
                "cpu_credits": "unlimited"
              }
            ],
            "disable_api_stop": false,
            "disable_api_termination": false,
            "ebs_block_device": [
              {
                "delete_on_termination": false,
                "device_name": "/dev/sdh",
                "encrypted": true,
                "iops": 100,
                "kms_key_id": "arn:aws:kms:ap-south-1:148761650130:key/36d4b1e0-3e3e-438c-b741-a529ffeb3796",
                "snapshot_id": "",
                "tags": {},
                "tags_all": {},
                "throughput": 0,
                "volume_id": "vol-02ea2d05a86fa5b67",
                "volume_size": 5,
                "volume_type": "io2"
              }
            ],
            "ebs_optimized": false,
            "enclave_options": [
              {
                "enabled": false
              }
            ],
            "ephemeral_block_device": [],
            "get_password_data": false,
            "hibernation": false,
            "host_id": "",
            "host_resource_group_arn": null,
            "iam_instance_profile": "",
            "id": "i-0e7fb319f3e700f17",
            "instance_initiated_shutdown_behavior": "stop",
            "instance_lifecycle": "",
            "instance_market_options": [],
            "instance_state": "running",
            "instance_type": "t3.micro",
            "ipv6_address_count": 0,
            "ipv6_addresses": [],
            "key_name": "tf-amq-project-key-pair",
            "launch_template": [],
            "maintenance_options": [
              {
                "auto_recovery": "default"
              }
            ],
            "metadata_options": [
              {
                "http_endpoint": "enabled",
                "http_protocol_ipv6": "disabled",
                "http_put_response_hop_limit": 1,
                "http_tokens": "optional",
                "instance_metadata_tags": "disabled"
              }
            ],
            "monitoring": false,
            "network_interface": [],
            "outpost_arn": "",
            "password_data": "",
            "placement_group": "",
            "placement_partition_number": 0,
            "primary_network_interface_id": "eni-057c1eeef352394cf",
            "private_dns": "ip-10-0-108-208.ap-south-1.compute.internal",
            "private_dns_name_options": [
              {
                "enable_resource_name_dns_a_record": false,
                "enable_resource_name_dns_aaaa_record": false,
                "hostname_type": "ip-name"
              }
            ],
            "private_ip": "10.0.108.208",
            "public_dns": "ec2-3-108-56-56.ap-south-1.compute.amazonaws.com",
            "public_ip": "3.108.56.56",
            "root_block_device": [
              {
                "delete_on_termination": true,
                "device_name": "/dev/sda1",
                "encrypted": true,
                "iops": 3000,
                "kms_key_id": "arn:aws:kms:ap-south-1:148761650130:key/36d4b1e0-3e3e-438c-b741-a529ffeb3796",
                "tags": {},
                "tags_all": {},
                "throughput": 125,
                "volume_id": "vol-0ec00a5a231362158",
                "volume_size": 10,
                "volume_type": "gp3"
              }
            ],
            "secondary_private_ips": [],
            "security_groups": [],
            "source_dest_check": true,
            "spot_instance_request_id": "",
            "subnet_id": "subnet-08f0547a4df4624ea",
            "tags": {
              "Name": "AMQ-MASTER-INSTANCE"
            },
            "tags_all": {
              "Name": "AMQ-MASTER-INSTANCE"
            },
            "tenancy": "default",
            "timeouts": null,
            "user_data": null,
            "user_data_base64": null,
            "user_data_replace_on_change": false,
            "volume_tags": null,
            "vpc_security_group_ids": [
              "sg-0b0d5389ca35c3ad9"
            ]
          },
          "sensitive_attributes": [],
          "private": "eyJlMmJmYjczMC1lY2FhLTExZTYtOGY4OC0zNDM2M2JjN2M0YzAiOnsiY3JlYXRlIjo2MDAwMDAwMDAwMDAsImRlbGV0ZSI6MTIwMDAwMDAwMDAwMCwicmVhZCI6OTAwMDAwMDAwMDAwLCJ1cGRhdGUiOjYwMDAwMDAwMDAwMH0sInNjaGVtYV92ZXJzaW9uIjoiMSJ9",
          "dependencies": [
            "aws_key_pair.name",
            "aws_security_group.amq-sg",
            "aws_subnet.public-subnet-1",
            "aws_vpc.my-vpc-1",
            "tls_private_key.rsa"
          ]
        }
      ]
    },
    {
      "mode": "managed",
      "type": "aws_instance",
      "name": "amq-slave-instance",
      "provider": "provider[\"registry.terraform.io/hashicorp/aws\"]",
      "instances": [
        {
          "schema_version": 1,
          "attributes": {
            "ami": "ami-022ce6f32988af5fa",
            "arn": "arn:aws:ec2:ap-south-1:148761650130:instance/i-0ca24f765b4c4571e",
            "associate_public_ip_address": true,
            "availability_zone": "ap-south-1a",
            "capacity_reservation_specification": [
              {
                "capacity_reservation_preference": "open",
                "capacity_reservation_target": []
              }
            ],
            "cpu_core_count": 1,
            "cpu_options": [
              {
                "amd_sev_snp": "",
                "core_count": 1,
                "threads_per_core": 2
              }
            ],
            "cpu_threads_per_core": 2,
            "credit_specification": [
              {
                "cpu_credits": "unlimited"
              }
            ],
            "disable_api_stop": false,
            "disable_api_termination": false,
            "ebs_block_device": [
              {
                "delete_on_termination": false,
                "device_name": "/dev/sdh",
                "encrypted": true,
                "iops": 100,
                "kms_key_id": "arn:aws:kms:ap-south-1:148761650130:key/36d4b1e0-3e3e-438c-b741-a529ffeb3796",
                "snapshot_id": "",
                "tags": {},
                "tags_all": {},
                "throughput": 0,
                "volume_id": "vol-02ea2d05a86fa5b67",
                "volume_size": 5,
                "volume_type": "io2"
              }
            ],
            "ebs_optimized": false,
            "enclave_options": [
              {
                "enabled": false
              }
            ],
            "ephemeral_block_device": [],
            "get_password_data": false,
            "hibernation": false,
            "host_id": "",
            "host_resource_group_arn": null,
            "iam_instance_profile": "",
            "id": "i-0ca24f765b4c4571e",
            "instance_initiated_shutdown_behavior": "stop",
            "instance_lifecycle": "",
            "instance_market_options": [],
            "instance_state": "running",
            "instance_type": "t3.micro",
            "ipv6_address_count": 0,
            "ipv6_addresses": [],
            "key_name": "tf-amq-project-key-pair",
            "launch_template": [],
            "maintenance_options": [
              {
                "auto_recovery": "default"
              }
            ],
            "metadata_options": [
              {
                "http_endpoint": "enabled",
                "http_protocol_ipv6": "disabled",
                "http_put_response_hop_limit": 1,
                "http_tokens": "optional",
                "instance_metadata_tags": "disabled"
              }
            ],
            "monitoring": false,
            "network_interface": [],
            "outpost_arn": "",
            "password_data": "",
            "placement_group": "",
            "placement_partition_number": 0,
            "primary_network_interface_id": "eni-00466f66d376a21a3",
            "private_dns": "ip-10-0-109-108.ap-south-1.compute.internal",
            "private_dns_name_options": [
              {
                "enable_resource_name_dns_a_record": false,
                "enable_resource_name_dns_aaaa_record": false,
                "hostname_type": "ip-name"
              }
            ],
            "private_ip": "10.0.109.108",
            "public_dns": "ec2-3-6-92-195.ap-south-1.compute.amazonaws.com",
            "public_ip": "3.6.92.195",
            "root_block_device": [
              {
                "delete_on_termination": true,
                "device_name": "/dev/sda1",
                "encrypted": true,
                "iops": 3000,
                "kms_key_id": "arn:aws:kms:ap-south-1:148761650130:key/36d4b1e0-3e3e-438c-b741-a529ffeb3796",
                "tags": {},
                "tags_all": {},
                "throughput": 125,
                "volume_id": "vol-09b4f047f43b46e94",
                "volume_size": 10,
                "volume_type": "gp3"
              }
            ],
            "secondary_private_ips": [],
            "security_groups": [],
            "source_dest_check": true,
            "spot_instance_request_id": "",
            "subnet_id": "subnet-0cd1bda2874a75957",
            "tags": {
              "Name": "AMQ-SLAVE-INSTANCE"
            },
            "tags_all": {
              "Name": "AMQ-SLAVE-INSTANCE"
            },
            "tenancy": "default",
            "timeouts": null,
            "user_data": null,
            "user_data_base64": null,
            "user_data_replace_on_change": false,
            "volume_tags": null,
            "vpc_security_group_ids": [
              "sg-0b0d5389ca35c3ad9"
            ]
          },
          "sensitive_attributes": [],
          "private": "eyJlMmJmYjczMC1lY2FhLTExZTYtOGY4OC0zNDM2M2JjN2M0YzAiOnsiY3JlYXRlIjo2MDAwMDAwMDAwMDAsImRlbGV0ZSI6MTIwMDAwMDAwMDAwMCwicmVhZCI6OTAwMDAwMDAwMDAwLCJ1cGRhdGUiOjYwMDAwMDAwMDAwMH0sInNjaGVtYV92ZXJzaW9uIjoiMSJ9",
          "dependencies": [
            "aws_key_pair.name",
            "aws_security_group.amq-sg",
            "aws_subnet.public-subnet-2",
            "aws_vpc.my-vpc-1",
            "tls_private_key.rsa"
          ]
        }
      ]
    },
    {
      "mode": "managed",
      "type": "aws_internet_gateway",
      "name": "my-igw-1",
      "provider": "provider[\"registry.terraform.io/hashicorp/aws\"]",
      "instances": [
        {
          "schema_version": 0,
          "attributes": {
            "arn": "arn:aws:ec2:ap-south-1:148761650130:internet-gateway/igw-05dd37231f4afeeb7",
            "id": "igw-05dd37231f4afeeb7",
            "owner_id": "148761650130",
            "tags": {
              "Name": "tf-amq-project-igw"
            },
            "tags_all": {
              "Name": "tf-amq-project-igw"
            },
            "timeouts": null,
            "vpc_id": "vpc-065d644fbcf2199fc"
          },
          "sensitive_attributes": [],
          "private": "eyJlMmJmYjczMC1lY2FhLTExZTYtOGY4OC0zNDM2M2JjN2M0YzAiOnsiY3JlYXRlIjoxMjAwMDAwMDAwMDAwLCJkZWxldGUiOjEyMDAwMDAwMDAwMDAsInVwZGF0ZSI6MTIwMDAwMDAwMDAwMH19",
          "dependencies": [
            "aws_vpc.my-vpc-1"
          ]
        }
      ]
    },
    {
      "mode": "managed",
      "type": "aws_key_pair",
      "name": "name",
      "provider": "provider[\"registry.terraform.io/hashicorp/aws\"]",
      "instances": [
        {
          "schema_version": 1,
          "attributes": {
            "arn": "arn:aws:ec2:ap-south-1:148761650130:key-pair/tf-amq-project-key-pair",
            "fingerprint": "0e:e5:6f:47:bc:02:6c:35:db:ee:2c:94:89:da:d7:6f",
            "id": "tf-amq-project-key-pair",
            "key_name": "tf-amq-project-key-pair",
            "key_name_prefix": "",
            "key_pair_id": "key-03f76f3ae92c6c01b",
            "key_type": "rsa",
            "public_key": "ssh-rsa AAAAB3NzaC1yc2EAAAADAQABAAACAQDPGpveAnapVxA5qmYo1Xc5nM/uZ62PShCD5CgPd6UbWZdA6vosPdrRxlQ0O9OxefpQjW831mcAcQNoZnlVU3rD0J6j+4DUnTL0ZJiD5vfm8EK8LFYka0mSGLi4Sa9Rrr5tlH4ovuem839rRfi5k5HuwVB83Ifh7tJPbKQGoGH3I3Dso4WuMcCdFKYJolvzb/7r9QBNvsBs9qAgL/m/JLdlT/CMdhCrKmC5HhHMUalbQITIGjFn74v8qqVyII1oHuMZMg+yjfPyWSHnlAXFtgzCFXVhsDFQJRUI/b5O/be6wGcYN3jVdKEizCGG8TCCcbjRcljPmwTqVrxUzcdpFRBl2nxkDXb5Vzb637gL3v1TuWv8JG9kL6dvrBGlOwV98/qHfGaVVw8pAJrseOFGZj1aW5s/SiRkr4P9uNLF2AuouykSzUztXFzYlVWa6fykDnZzP1ezlbo3dP9ZIfvEm+r9EmVRMC/XGR6eNNifc6G0kAmAu9dLMqZlFgox91vYeZA4oc4Bye8DSIiFVOA14+L0KgteAlFHXyOftIztIV1bAOGVTJMJxw8hGC0ddIWAfHjnQtGECF/yjddBooSl00BJNyR8i+h80v+quZ60eRGq4VmNM63ZRvjHMmYdx9U2FUepGPMPSANBt8NUZlNELnVHiS8dfB+iC+PEs8jfn1IhMw==",
            "tags": {},
            "tags_all": {}
          },
          "sensitive_attributes": [],
          "private": "eyJzY2hlbWFfdmVyc2lvbiI6IjEifQ==",
          "dependencies": [
            "tls_private_key.rsa"
          ]
        }
      ]
    },
    {
      "mode": "managed",
      "type": "aws_route_table",
      "name": "my-rt-1",
      "provider": "provider[\"registry.terraform.io/hashicorp/aws\"]",
      "instances": [
        {
          "schema_version": 0,
          "attributes": {
            "arn": "arn:aws:ec2:ap-south-1:148761650130:route-table/rtb-06d2b5fcfab496f32",
            "id": "rtb-06d2b5fcfab496f32",
            "owner_id": "148761650130",
            "propagating_vgws": [],
            "route": [
              {
                "carrier_gateway_id": "",
                "cidr_block": "0.0.0.0/0",
                "core_network_arn": "",
                "destination_prefix_list_id": "",
                "egress_only_gateway_id": "",
                "gateway_id": "igw-05dd37231f4afeeb7",
                "ipv6_cidr_block": "",
                "local_gateway_id": "",
                "nat_gateway_id": "",
                "network_interface_id": "",
                "transit_gateway_id": "",
                "vpc_endpoint_id": "",
                "vpc_peering_connection_id": ""
              }
            ],
            "tags": {
              "Name": "tf-amq-project-rt-1"
            },
            "tags_all": {
              "Name": "tf-amq-project-rt-1"
            },
            "timeouts": null,
            "vpc_id": "vpc-065d644fbcf2199fc"
          },
          "sensitive_attributes": [],
          "private": "eyJlMmJmYjczMC1lY2FhLTExZTYtOGY4OC0zNDM2M2JjN2M0YzAiOnsiY3JlYXRlIjozMDAwMDAwMDAwMDAsImRlbGV0ZSI6MzAwMDAwMDAwMDAwLCJ1cGRhdGUiOjEyMDAwMDAwMDAwMH19",
          "dependencies": [
            "aws_internet_gateway.my-igw-1",
            "aws_vpc.my-vpc-1"
          ]
        }
      ]
    },
    {
      "mode": "managed",
      "type": "aws_route_table_association",
      "name": "public-sub-rt-ass",
      "provider": "provider[\"registry.terraform.io/hashicorp/aws\"]",
      "instances": [
        {
          "schema_version": 0,
          "attributes": {
            "gateway_id": "",
            "id": "rtbassoc-0a97039cc760ae90a",
            "route_table_id": "rtb-06d2b5fcfab496f32",
            "subnet_id": "subnet-009eeaf909b3f5a4f",
            "timeouts": null
          },
          "sensitive_attributes": [],
          "private": "eyJlMmJmYjczMC1lY2FhLTExZTYtOGY4OC0zNDM2M2JjN2M0YzAiOnsiY3JlYXRlIjozMDAwMDAwMDAwMDAsImRlbGV0ZSI6MzAwMDAwMDAwMDAwLCJ1cGRhdGUiOjEyMDAwMDAwMDAwMH19",
          "dependencies": [
            "aws_internet_gateway.my-igw-1",
            "aws_route_table.my-rt-1",
            "aws_subnet.public-subnet",
            "aws_vpc.my-vpc-1"
          ]
        }
      ]
    },
    {
      "mode": "managed",
      "type": "aws_route_table_association",
      "name": "public-sub-rt-ass-1",
      "provider": "provider[\"registry.terraform.io/hashicorp/aws\"]",
      "instances": [
        {
          "schema_version": 0,
          "attributes": {
            "gateway_id": "",
            "id": "rtbassoc-0238b81f20b143cf3",
            "route_table_id": "rtb-06d2b5fcfab496f32",
            "subnet_id": "subnet-08f0547a4df4624ea",
            "timeouts": null
          },
          "sensitive_attributes": [],
          "private": "eyJlMmJmYjczMC1lY2FhLTExZTYtOGY4OC0zNDM2M2JjN2M0YzAiOnsiY3JlYXRlIjozMDAwMDAwMDAwMDAsImRlbGV0ZSI6MzAwMDAwMDAwMDAwLCJ1cGRhdGUiOjEyMDAwMDAwMDAwMH19",
          "dependencies": [
            "aws_internet_gateway.my-igw-1",
            "aws_route_table.my-rt-1",
            "aws_subnet.public-subnet-1",
            "aws_vpc.my-vpc-1"
          ]
        }
      ]
    },
    {
      "mode": "managed",
      "type": "aws_route_table_association",
      "name": "public-sub-rt-ass-2",
      "provider": "provider[\"registry.terraform.io/hashicorp/aws\"]",
      "instances": [
        {
          "schema_version": 0,
          "attributes": {
            "gateway_id": "",
            "id": "rtbassoc-0ffa997187ffbd967",
            "route_table_id": "rtb-06d2b5fcfab496f32",
            "subnet_id": "subnet-0cd1bda2874a75957",
            "timeouts": null
          },
          "sensitive_attributes": [],
          "private": "eyJlMmJmYjczMC1lY2FhLTExZTYtOGY4OC0zNDM2M2JjN2M0YzAiOnsiY3JlYXRlIjozMDAwMDAwMDAwMDAsImRlbGV0ZSI6MzAwMDAwMDAwMDAwLCJ1cGRhdGUiOjEyMDAwMDAwMDAwMH19",
          "dependencies": [
            "aws_internet_gateway.my-igw-1",
            "aws_route_table.my-rt-1",
            "aws_subnet.public-subnet-2",
            "aws_vpc.my-vpc-1"
          ]
        }
      ]
    },
    {
      "mode": "managed",
      "type": "aws_s3_bucket",
      "name": "demo-bucket",
      "provider": "provider[\"registry.terraform.io/hashicorp/aws\"]",
      "instances": [
        {
          "schema_version": 0,
          "attributes": {
            "acceleration_status": "",
            "acl": null,
            "arn": "arn:aws:s3:::tf-amq-project-dde1b2350269e308",
            "bucket": "tf-amq-project-dde1b2350269e308",
            "bucket_domain_name": "tf-amq-project-dde1b2350269e308.s3.amazonaws.com",
            "bucket_prefix": "",
            "bucket_regional_domain_name": "tf-amq-project-dde1b2350269e308.s3.ap-south-1.amazonaws.com",
            "cors_rule": [],
            "force_destroy": false,
            "grant": [
              {
                "id": "08a67dd5a9188235232b78af4500f2eeeda403877b25ef8a0e26a0ba3909e6aa",
                "permissions": [
                  "FULL_CONTROL"
                ],
                "type": "CanonicalUser",
                "uri": ""
              }
            ],
            "hosted_zone_id": "Z11RGJOFQNVJUP",
            "id": "tf-amq-project-dde1b2350269e308",
            "lifecycle_rule": [],
            "logging": [],
            "object_lock_configuration": [],
            "object_lock_enabled": false,
            "policy": "",
            "region": "ap-south-1",
            "replication_configuration": [],
            "request_payer": "BucketOwner",
            "server_side_encryption_configuration": [
              {
                "rule": [
                  {
                    "apply_server_side_encryption_by_default": [
                      {
                        "kms_master_key_id": "",
                        "sse_algorithm": "AES256"
                      }
                    ],
                    "bucket_key_enabled": false
                  }
                ]
              }
            ],
            "tags": {},
            "tags_all": {},
            "timeouts": null,
            "versioning": [
              {
                "enabled": false,
                "mfa_delete": false
              }
            ],
            "website": [],
            "website_domain": null,
            "website_endpoint": null
          },
          "sensitive_attributes": [],
          "private": "eyJlMmJmYjczMC1lY2FhLTExZTYtOGY4OC0zNDM2M2JjN2M0YzAiOnsiY3JlYXRlIjoxMjAwMDAwMDAwMDAwLCJkZWxldGUiOjM2MDAwMDAwMDAwMDAsInJlYWQiOjEyMDAwMDAwMDAwMDAsInVwZGF0ZSI6MTIwMDAwMDAwMDAwMH19",
          "dependencies": [
            "random_id.rand_id"
          ]
        }
      ]
    },
    {
      "mode": "managed",
      "type": "aws_s3_object",
      "name": "bucket-txt-data",
      "provider": "provider[\"registry.terraform.io/hashicorp/aws\"]",
      "instances": [
        {
          "schema_version": 0,
          "attributes": {
            "acl": null,
            "arn": "arn:aws:s3:::tf-amq-project-dde1b2350269e308/amq/apache-artemis-2.38.0-bin.zip",
            "bucket": "tf-amq-project-dde1b2350269e308",
            "bucket_key_enabled": false,
            "cache_control": "",
            "checksum_algorithm": null,
            "checksum_crc32": "",
            "checksum_crc32c": "",
            "checksum_sha1": "",
            "checksum_sha256": "",
            "content": null,
            "content_base64": null,
            "content_disposition": "",
            "content_encoding": "",
            "content_language": "",
            "content_type": "binary/octet-stream",
            "etag": "caf83ab85021fc5f092f682814f21940-11",
            "force_destroy": false,
            "id": "/amq/apache-artemis-2.38.0-bin.zip",
            "key": "/amq/apache-artemis-2.38.0-bin.zip",
            "kms_key_id": null,
            "metadata": {},
            "object_lock_legal_hold_status": "",
            "object_lock_mode": "",
            "object_lock_retain_until_date": "",
            "override_provider": [],
            "server_side_encryption": "AES256",
            "source": "./amq/apache-artemis-2.38.0-bin.zip",
            "source_hash": null,
            "storage_class": "STANDARD",
            "tags": {},
            "tags_all": {},
            "version_id": "",
            "website_redirect": ""
          },
          "sensitive_attributes": [],
          "private": "bnVsbA==",
          "dependencies": [
            "aws_s3_bucket.demo-bucket",
            "random_id.rand_id"
          ]
        }
      ]
    },
    {
      "mode": "managed",
      "type": "aws_security_group",
      "name": "amq-sg",
      "provider": "provider[\"registry.terraform.io/hashicorp/aws\"]",
      "instances": [
        {
          "schema_version": 1,
          "attributes": {
            "arn": "arn:aws:ec2:ap-south-1:148761650130:security-group/sg-0b0d5389ca35c3ad9",
            "description": "Managed by Terraform",
            "egress": [
              {
                "cidr_blocks": [
                  "0.0.0.0/0"
                ],
                "description": "",
                "from_port": 0,
                "ipv6_cidr_blocks": [],
                "prefix_list_ids": [],
                "protocol": "-1",
                "security_groups": [],
                "self": false,
                "to_port": 0
              }
            ],
            "id": "sg-0b0d5389ca35c3ad9",
            "ingress": [
              {
                "cidr_blocks": [
                  "0.0.0.0/0"
                ],
                "description": "",
                "from_port": 22,
                "ipv6_cidr_blocks": [],
                "prefix_list_ids": [],
                "protocol": "tcp",
                "security_groups": [],
                "self": false,
                "to_port": 22
              },
              {
                "cidr_blocks": [
                  "0.0.0.0/0"
                ],
                "description": "",
                "from_port": 61616,
                "ipv6_cidr_blocks": [],
                "prefix_list_ids": [],
                "protocol": "tcp",
                "security_groups": [],
                "self": false,
                "to_port": 61616
              },
              {
                "cidr_blocks": [
                  "0.0.0.0/0"
                ],
                "description": "",
                "from_port": 61617,
                "ipv6_cidr_blocks": [],
                "prefix_list_ids": [],
                "protocol": "tcp",
                "security_groups": [],
                "self": false,
                "to_port": 61617
              },
              {
                "cidr_blocks": [
                  "0.0.0.0/0"
                ],
                "description": "",
                "from_port": 80,
                "ipv6_cidr_blocks": [],
                "prefix_list_ids": [],
                "protocol": "tcp",
                "security_groups": [],
                "self": false,
                "to_port": 80
              },
              {
                "cidr_blocks": [
                  "0.0.0.0/0"
                ],
                "description": "",
                "from_port": 8161,
                "ipv6_cidr_blocks": [],
                "prefix_list_ids": [],
                "protocol": "tcp",
                "security_groups": [],
                "self": false,
                "to_port": 8161
              }
            ],
            "name": "terraform-20241031175558694200000003",
            "name_prefix": "terraform-",
            "owner_id": "148761650130",
            "revoke_rules_on_delete": false,
            "tags": {
              "Name": "tf-amq-project-sg"
            },
            "tags_all": {
              "Name": "tf-amq-project-sg"
            },
            "timeouts": null,
            "vpc_id": "vpc-065d644fbcf2199fc"
          },
          "sensitive_attributes": [],
          "private": "eyJlMmJmYjczMC1lY2FhLTExZTYtOGY4OC0zNDM2M2JjN2M0YzAiOnsiY3JlYXRlIjo2MDAwMDAwMDAwMDAsImRlbGV0ZSI6OTAwMDAwMDAwMDAwfSwic2NoZW1hX3ZlcnNpb24iOiIxIn0=",
          "dependencies": [
            "aws_vpc.my-vpc-1"
          ]
        }
      ]
    },
    {
      "mode": "managed",
      "type": "aws_security_group",
      "name": "efs-sg",
      "provider": "provider[\"registry.terraform.io/hashicorp/aws\"]",
      "instances": [
        {
          "schema_version": 1,
          "attributes": {
            "arn": "arn:aws:ec2:ap-south-1:148761650130:security-group/sg-09530fbbb7ebd957e",
            "description": "Managed by Terraform",
            "egress": [
              {
                "cidr_blocks": [
                  "0.0.0.0/0"
                ],
                "description": "",
                "from_port": 0,
                "ipv6_cidr_blocks": [],
                "prefix_list_ids": [],
                "protocol": "-1",
                "security_groups": [],
                "self": false,
                "to_port": 0
              }
            ],
            "id": "sg-09530fbbb7ebd957e",
            "ingress": [
              {
                "cidr_blocks": [
                  "0.0.0.0/0"
                ],
                "description": null,
                "from_port": 22,
                "ipv6_cidr_blocks": [],
                "prefix_list_ids": [],
                "protocol": "tcp",
                "security_groups": [],
                "self": false,
                "to_port": 22
              },
              {
                "cidr_blocks": [
                  "0.0.0.0/0"
                ],
                "description": null,
                "from_port": 80,
                "ipv6_cidr_blocks": [],
                "prefix_list_ids": [],
                "protocol": "tcp",
                "security_groups": [],
                "self": false,
                "to_port": 80
              },
              {
                "cidr_blocks": [
                  "10.0.108.0/24",
                  "10.0.109.0/24"
                ],
                "description": null,
                "from_port": 2049,
                "ipv6_cidr_blocks": [],
                "prefix_list_ids": [],
                "protocol": "tcp",
                "security_groups": [],
                "self": false,
                "to_port": 2049
              },
              {
                "cidr_blocks": [
                  "10.0.109.0/24"
                ],
                "description": "",
                "from_port": 2049,
                "ipv6_cidr_blocks": [],
                "prefix_list_ids": [],
                "protocol": "tcp",
                "security_groups": [],
                "self": false,
                "to_port": 2049
              }
            ],
            "name": "terraform-20241101115838982800000001",
            "name_prefix": "terraform-",
            "owner_id": "148761650130",
            "revoke_rules_on_delete": false,
            "tags": {
              "Name": "tf-efs-sg"
            },
            "tags_all": {
              "Name": "tf-efs-sg"
            },
            "timeouts": null,
            "vpc_id": "vpc-065d644fbcf2199fc"
          },
          "sensitive_attributes": [],
          "private": "eyJlMmJmYjczMC1lY2FhLTExZTYtOGY4OC0zNDM2M2JjN2M0YzAiOnsiY3JlYXRlIjo2MDAwMDAwMDAwMDAsImRlbGV0ZSI6OTAwMDAwMDAwMDAwfSwic2NoZW1hX3ZlcnNpb24iOiIxIn0=",
          "dependencies": [
            "aws_vpc.my-vpc-1"
          ]
        }
      ]
    },
    {
      "mode": "managed",
      "type": "aws_subnet",
      "name": "private-subnet-1",
      "provider": "provider[\"registry.terraform.io/hashicorp/aws\"]",
      "instances": [
        {
          "schema_version": 1,
          "attributes": {
            "arn": "arn:aws:ec2:ap-south-1:148761650130:subnet/subnet-0a5eed9968a685280",
            "assign_ipv6_address_on_creation": false,
            "availability_zone": "ap-south-1a",
            "availability_zone_id": "aps1-az1",
            "cidr_block": "10.0.105.0/24",
            "customer_owned_ipv4_pool": "",
            "enable_dns64": false,
            "enable_lni_at_device_index": 0,
            "enable_resource_name_dns_a_record_on_launch": false,
            "enable_resource_name_dns_aaaa_record_on_launch": false,
            "id": "subnet-0a5eed9968a685280",
            "ipv6_cidr_block": "",
            "ipv6_cidr_block_association_id": "",
            "ipv6_native": false,
            "map_customer_owned_ip_on_launch": false,
            "map_public_ip_on_launch": true,
            "outpost_arn": "",
            "owner_id": "148761650130",
            "private_dns_hostname_type_on_launch": "ip-name",
            "tags": {
              "Name": "tf-amq-project-private-subnet"
            },
            "tags_all": {
              "Name": "tf-amq-project-private-subnet"
            },
            "timeouts": null,
            "vpc_id": "vpc-065d644fbcf2199fc"
          },
          "sensitive_attributes": [],
          "private": "eyJlMmJmYjczMC1lY2FhLTExZTYtOGY4OC0zNDM2M2JjN2M0YzAiOnsiY3JlYXRlIjo2MDAwMDAwMDAwMDAsImRlbGV0ZSI6MTIwMDAwMDAwMDAwMH0sInNjaGVtYV92ZXJzaW9uIjoiMSJ9",
          "dependencies": [
            "aws_vpc.my-vpc-1"
          ]
        }
      ]
    },
    {
      "mode": "managed",
      "type": "aws_subnet",
      "name": "private-subnet-2",
      "provider": "provider[\"registry.terraform.io/hashicorp/aws\"]",
      "instances": [
        {
          "schema_version": 1,
          "attributes": {
            "arn": "arn:aws:ec2:ap-south-1:148761650130:subnet/subnet-0cf3132bbea02143f",
            "assign_ipv6_address_on_creation": false,
            "availability_zone": "ap-south-1a",
            "availability_zone_id": "aps1-az1",
            "cidr_block": "10.0.106.0/24",
            "customer_owned_ipv4_pool": "",
            "enable_dns64": false,
            "enable_lni_at_device_index": 0,
            "enable_resource_name_dns_a_record_on_launch": false,
            "enable_resource_name_dns_aaaa_record_on_launch": false,
            "id": "subnet-0cf3132bbea02143f",
            "ipv6_cidr_block": "",
            "ipv6_cidr_block_association_id": "",
            "ipv6_native": false,
            "map_customer_owned_ip_on_launch": false,
            "map_public_ip_on_launch": true,
            "outpost_arn": "",
            "owner_id": "148761650130",
            "private_dns_hostname_type_on_launch": "ip-name",
            "tags": {
              "Name": "tf-amq-project-private-subnet"
            },
            "tags_all": {
              "Name": "tf-amq-project-private-subnet"
            },
            "timeouts": null,
            "vpc_id": "vpc-065d644fbcf2199fc"
          },
          "sensitive_attributes": [],
          "private": "eyJlMmJmYjczMC1lY2FhLTExZTYtOGY4OC0zNDM2M2JjN2M0YzAiOnsiY3JlYXRlIjo2MDAwMDAwMDAwMDAsImRlbGV0ZSI6MTIwMDAwMDAwMDAwMH0sInNjaGVtYV92ZXJzaW9uIjoiMSJ9",
          "dependencies": [
            "aws_vpc.my-vpc-1"
          ]
        }
      ]
    },
    {
      "mode": "managed",
      "type": "aws_subnet",
      "name": "public-subnet",
      "provider": "provider[\"registry.terraform.io/hashicorp/aws\"]",
      "instances": [
        {
          "schema_version": 1,
          "attributes": {
            "arn": "arn:aws:ec2:ap-south-1:148761650130:subnet/subnet-009eeaf909b3f5a4f",
            "assign_ipv6_address_on_creation": false,
            "availability_zone": "ap-south-1a",
            "availability_zone_id": "aps1-az1",
            "cidr_block": "10.0.107.0/24",
            "customer_owned_ipv4_pool": "",
            "enable_dns64": false,
            "enable_lni_at_device_index": 0,
            "enable_resource_name_dns_a_record_on_launch": false,
            "enable_resource_name_dns_aaaa_record_on_launch": false,
            "id": "subnet-009eeaf909b3f5a4f",
            "ipv6_cidr_block": "",
            "ipv6_cidr_block_association_id": "",
            "ipv6_native": false,
            "map_customer_owned_ip_on_launch": false,
            "map_public_ip_on_launch": true,
            "outpost_arn": "",
            "owner_id": "148761650130",
            "private_dns_hostname_type_on_launch": "ip-name",
            "tags": {
              "Name": "tf-amq-project-public-subnet"
            },
            "tags_all": {
              "Name": "tf-amq-project-public-subnet"
            },
            "timeouts": null,
            "vpc_id": "vpc-065d644fbcf2199fc"
          },
          "sensitive_attributes": [],
          "private": "eyJlMmJmYjczMC1lY2FhLTExZTYtOGY4OC0zNDM2M2JjN2M0YzAiOnsiY3JlYXRlIjo2MDAwMDAwMDAwMDAsImRlbGV0ZSI6MTIwMDAwMDAwMDAwMH0sInNjaGVtYV92ZXJzaW9uIjoiMSJ9",
          "dependencies": [
            "aws_vpc.my-vpc-1"
          ]
        }
      ]
    },
    {
      "mode": "managed",
      "type": "aws_subnet",
      "name": "public-subnet-1",
      "provider": "provider[\"registry.terraform.io/hashicorp/aws\"]",
      "instances": [
        {
          "schema_version": 1,
          "attributes": {
            "arn": "arn:aws:ec2:ap-south-1:148761650130:subnet/subnet-08f0547a4df4624ea",
            "assign_ipv6_address_on_creation": false,
            "availability_zone": "ap-south-1a",
            "availability_zone_id": "aps1-az1",
            "cidr_block": "10.0.108.0/24",
            "customer_owned_ipv4_pool": "",
            "enable_dns64": false,
            "enable_lni_at_device_index": 0,
            "enable_resource_name_dns_a_record_on_launch": false,
            "enable_resource_name_dns_aaaa_record_on_launch": false,
            "id": "subnet-08f0547a4df4624ea",
            "ipv6_cidr_block": "",
            "ipv6_cidr_block_association_id": "",
            "ipv6_native": false,
            "map_customer_owned_ip_on_launch": false,
            "map_public_ip_on_launch": true,
            "outpost_arn": "",
            "owner_id": "148761650130",
            "private_dns_hostname_type_on_launch": "ip-name",
            "tags": {
              "Name": "tf-amq-project-public-subnet"
            },
            "tags_all": {
              "Name": "tf-amq-project-public-subnet"
            },
            "timeouts": null,
            "vpc_id": "vpc-065d644fbcf2199fc"
          },
          "sensitive_attributes": [],
          "private": "eyJlMmJmYjczMC1lY2FhLTExZTYtOGY4OC0zNDM2M2JjN2M0YzAiOnsiY3JlYXRlIjo2MDAwMDAwMDAwMDAsImRlbGV0ZSI6MTIwMDAwMDAwMDAwMH0sInNjaGVtYV92ZXJzaW9uIjoiMSJ9",
          "dependencies": [
            "aws_vpc.my-vpc-1"
          ]
        }
      ]
    },
    {
      "mode": "managed",
      "type": "aws_subnet",
      "name": "public-subnet-2",
      "provider": "provider[\"registry.terraform.io/hashicorp/aws\"]",
      "instances": [
        {
          "schema_version": 1,
          "attributes": {
            "arn": "arn:aws:ec2:ap-south-1:148761650130:subnet/subnet-0cd1bda2874a75957",
            "assign_ipv6_address_on_creation": false,
            "availability_zone": "ap-south-1a",
            "availability_zone_id": "aps1-az1",
            "cidr_block": "10.0.109.0/24",
            "customer_owned_ipv4_pool": "",
            "enable_dns64": false,
            "enable_lni_at_device_index": 0,
            "enable_resource_name_dns_a_record_on_launch": false,
            "enable_resource_name_dns_aaaa_record_on_launch": false,
            "id": "subnet-0cd1bda2874a75957",
            "ipv6_cidr_block": "",
            "ipv6_cidr_block_association_id": "",
            "ipv6_native": false,
            "map_customer_owned_ip_on_launch": false,
            "map_public_ip_on_launch": true,
            "outpost_arn": "",
            "owner_id": "148761650130",
            "private_dns_hostname_type_on_launch": "ip-name",
            "tags": {
              "Name": "tf-amq-project-public-subnet"
            },
            "tags_all": {
              "Name": "tf-amq-project-public-subnet"
            },
            "timeouts": null,
            "vpc_id": "vpc-065d644fbcf2199fc"
          },
          "sensitive_attributes": [],
          "private": "eyJlMmJmYjczMC1lY2FhLTExZTYtOGY4OC0zNDM2M2JjN2M0YzAiOnsiY3JlYXRlIjo2MDAwMDAwMDAwMDAsImRlbGV0ZSI6MTIwMDAwMDAwMDAwMH0sInNjaGVtYV92ZXJzaW9uIjoiMSJ9",
          "dependencies": [
            "aws_vpc.my-vpc-1"
          ]
        }
      ]
    },
    {
      "mode": "managed",
      "type": "aws_volume_attachment",
      "name": "ebs_att-master",
      "provider": "provider[\"registry.terraform.io/hashicorp/aws\"]",
      "instances": [
        {
          "schema_version": 0,
          "attributes": {
            "device_name": "/dev/sdh",
            "force_detach": null,
            "id": "vai-1670632528",
            "instance_id": "i-0e7fb319f3e700f17",
            "skip_destroy": null,
            "stop_instance_before_detaching": null,
            "timeouts": null,
            "volume_id": "vol-02ea2d05a86fa5b67"
          },
          "sensitive_attributes": [],
          "private": "eyJlMmJmYjczMC1lY2FhLTExZTYtOGY4OC0zNDM2M2JjN2M0YzAiOnsiY3JlYXRlIjozMDAwMDAwMDAwMDAsImRlbGV0ZSI6MzAwMDAwMDAwMDAwfX0=",
          "dependencies": [
            "aws_ebs_volume.multi_attach_ebs",
            "aws_instance.amq-master-instance",
            "aws_key_pair.name",
            "aws_security_group.amq-sg",
            "aws_subnet.public-subnet-1",
            "aws_vpc.my-vpc-1",
            "tls_private_key.rsa"
          ]
        }
      ]
    },
    {
      "mode": "managed",
      "type": "aws_volume_attachment",
      "name": "ebs_att-slave",
      "provider": "provider[\"registry.terraform.io/hashicorp/aws\"]",
      "instances": [
        {
          "schema_version": 0,
          "attributes": {
            "device_name": "/dev/sdh",
            "force_detach": null,
            "id": "vai-1462821724",
            "instance_id": "i-0ca24f765b4c4571e",
            "skip_destroy": null,
            "stop_instance_before_detaching": null,
            "timeouts": null,
            "volume_id": "vol-02ea2d05a86fa5b67"
          },
          "sensitive_attributes": [],
          "private": "eyJlMmJmYjczMC1lY2FhLTExZTYtOGY4OC0zNDM2M2JjN2M0YzAiOnsiY3JlYXRlIjozMDAwMDAwMDAwMDAsImRlbGV0ZSI6MzAwMDAwMDAwMDAwfX0=",
          "dependencies": [
            "aws_ebs_volume.multi_attach_ebs",
            "aws_instance.amq-slave-instance",
            "aws_key_pair.name",
            "aws_security_group.amq-sg",
            "aws_subnet.public-subnet-2",
            "aws_vpc.my-vpc-1",
            "tls_private_key.rsa"
          ]
        }
      ]
    },
    {
      "mode": "managed",
      "type": "aws_vpc",
      "name": "my-vpc-1",
      "provider": "provider[\"registry.terraform.io/hashicorp/aws\"]",
      "instances": [
        {
          "schema_version": 1,
          "attributes": {
            "arn": "arn:aws:ec2:ap-south-1:148761650130:vpc/vpc-065d644fbcf2199fc",
            "assign_generated_ipv6_cidr_block": false,
            "cidr_block": "10.0.0.0/16",
            "default_network_acl_id": "acl-09ab99612b782e586",
            "default_route_table_id": "rtb-0a4a8492cce8c8fba",
            "default_security_group_id": "sg-05d8faa4a50083c76",
            "dhcp_options_id": "dopt-0b87f76a21ea958a3",
            "enable_dns_hostnames": true,
            "enable_dns_support": true,
            "enable_network_address_usage_metrics": false,
            "id": "vpc-065d644fbcf2199fc",
            "instance_tenancy": "default",
            "ipv4_ipam_pool_id": null,
            "ipv4_netmask_length": null,
            "ipv6_association_id": "",
            "ipv6_cidr_block": "",
            "ipv6_cidr_block_network_border_group": "",
            "ipv6_ipam_pool_id": "",
            "ipv6_netmask_length": 0,
            "main_route_table_id": "rtb-0a4a8492cce8c8fba",
            "owner_id": "148761650130",
            "tags": {
              "Name": "tf-amq-project-vpc"
            },
            "tags_all": {
              "Name": "tf-amq-project-vpc"
            }
          },
          "sensitive_attributes": [],
          "private": "eyJzY2hlbWFfdmVyc2lvbiI6IjEifQ=="
        }
      ]
    },
    {
      "mode": "managed",
      "type": "local_file",
      "name": "name",
      "provider": "provider[\"registry.terraform.io/hashicorp/local\"]",
      "instances": [
        {
          "schema_version": 0,
          "attributes": {
            "content": "-----BEGIN RSA PRIVATE KEY-----\nMIIJKgIBAAKCAgEAzxqb3gJ2qVcQOapmKNV3OZzP7metj0oQg+QoD3elG1mXQOr6\nLD3a0cZUNDvTsXn6UI1vN9ZnAHEDaGZ5VVN6w9Ceo/uA1J0y9GSYg+b35vBCvCxW\nJGtJkhi4uEmvUa6+bZR+KL7npvN/a0X4uZOR7sFQfNyH4e7ST2ykBqBh9yNw7KOF\nrjHAnRSmCaJb82/+6/UATb7AbPagIC/5vyS3ZU/wjHYQqypguR4RzFGpW0CEyBox\nZ++L/KqlciCNaB7jGTIPso3z8lkh55QFxbYMwhV1YbAxUCUVCP2+Tv23usBnGDd4\n1XShIswhhvEwgnG40XJYz5sE6la8VM3HaRUQZdp8ZA12+Vc2+t+4C979U7lr/CRv\nZC+nb6wRpTsFffP6h3xmlVcPKQCa7HjhRmY9WlubP0okZK+D/bjSxdgLqLspEs1M\n7Vxc2JVVmun8pA52cz9Xs5W6N3T/WSH7xJvq/RJlUTAv1xkenjTYn3OhtJAJgLvX\nSzKmZRYKMfdb2HmQOKHOAcnvA0iIhVTgNePi9CoLXgJRR18jn7SM7SFdWwDhlUyT\nCccPIRgtHXSFgHx450LRhAhf8o3XQaKEpdNASTckfIvofNL/qrmetHkRquFZjTOt\n2Ub4xzJmHcfVNhVHqRjzD0gDQbfDVGZTRC51R4kvHXwfogvjxLPI359SITMCAwEA\nAQKCAgEArhClNGFJrmY4gt8O4f8YJ9n+gVeubiJH4zJd4TIkGOqhz7Qu9ARA59MT\nbpth/2aP1igpc/rFs39I5/RIwkhZhD7RNu3ph8lfzDzIWwRDE1yYGmQBOrbZrOsO\nRgXYToTaFGub5U8ekBlT3KuAsyiunMbpiSgpJOF+7bZX3iHqdLba8Gk3sAKs6tkx\n/CLzuZVF4reWu8E5JdvbFXJ9LAQGCCa5/LQ2qkYB6VS2jM2N095UO4KYR8z0ETaz\nu0pUz1A2ezSyMNZSVDxJ3MNyXov2CSHT+HkH2V5xYY8y5l0kkNepTpdA/db6n66F\n9068AMboGVFMB6E47mRcAcK6eT10+0Ltekt8bO0fS1nvYANNCoZeL3OTs1MW1CZo\n/YWXJFUHZBPJI9t3rJ5WMdSFN2oVBy9MRw6+y6LQCo4YEKlBcyojBdYNF8M6pxcY\nR4agVOnzgv4/YdNkc3hkthSy0BuUIfgGNFuNCAAkScZLz2Qp0OXXPgODi/2Kr/fI\n4sCcGXOVMzPaZJcmFyZZkxNxe+XKs5e3vHqxTeZZmVFLCN/XsvQQGfsAHAMG2qcr\no5xxL47FIaSflWn5GpQpha4MSVuakqM2+sNqsbZqQ566CBq5wDERdekX+Q9I7T0C\nK53T8gNfWfg90r55cofxePMbLUZEkVJ40CYm9mwKvqslcyRii/ECggEBAN5OI0Z3\np4V5PkledtfHV7piDVgtHJs1g5FkeMZIMyEmQuyNHXfW0ZX+j29xo9447I5nVBv0\nHRaIhoatsXJC1/M5O+P2EivXzcGfH18J5Tbca3/tPXSzBvslMm6pLg4W0pbL+LuG\naNE65EK67POE2KpFNgPVXU9NXzbQqMImSzKUX6G8VGOxK8x2oshJvqrM7pfrNH6x\nkHFj2RBT3OZHQsKokTYrYCImTJOJB1GbKw6dlMp/Q0y7yqdUaLcbYWKmQ2KrY6Pa\nEt+tpNNZn+TFeYO4d7uZDF4MaRhjJXxYvy1e5hdibkE+70AX+AZcAEeEwCV8pmfl\n3HqahKPOPoGjAOUCggEBAO5+oe03Syge6CX5+x1UIS4PYXJGlECoNcD9oi1sXkvY\nV+GYa//GL7KnhFVyl1CzBlD0t/8BtXNRyxpyyynirEVwsw4F840Dvn7n8u0wsOhG\nfVfDUtJ2p14MnN+emcvWDhNqz9ODYzII/ceXnXAEXtKNiMnwqTgZOQV9P85FExor\nHpt8un08HIcQENWu0CA/EobCvCA4v58RO0rigWMLOZFMcVtuUDgApWHDjnZ5zj1N\n9VU54W5W9NX5dIrX2wEpU4VAZX9R9QLj2LOTRJ0QTwXkpXfeNXTv/YPgtGvMZ3qe\na+ljlsp+5pI8Meu82iviDt82KDkanunMmQ4z/Sh6MDcCggEAdxFm93FTOrxLzkRY\nZw6QQHYQK7BN6Bvrkk48GgfFyvWRVt3mcK+QpkQoU0qMuJPIsCVL+YTwp4cMdspF\nhquiutVm7Jx58x2tSQ2PYfoM2SuKMITDK+RP0uiDcJ4Q2t8CgF5TpS1Cqv5eEBfK\nnkwDOH/FhJwdVEJewx9TpFmaYUbzSc9za8oTaXoJijlldFo7WQdToKA+e109f+9L\nG9QDP/vFezwUS3Y0AbmdP+paT4O7lBJB27Ghw6oERD7YFFx1Lz4ZKkO9ZCy/YaxZ\nZdEXWqPNDZ/V7fG7wKIqC8YE76oql0/TOgMZZjzwTYetZqEFwY5YGsIVK13juVDY\nTdseuQKCAQEAwZeNPY9atJCSBPGsQxxdapQVl7tu8CUarTO1B4Yl7Q8KFxew4wgv\nA6gzJWFFLr6DbAeZq6fpcFh+s1NnUvKqwBtBXSq7jkXxxfXmHV8e2w0NBcaJXknu\nhctbM7H8SZfSCTT0yk6moKDnz7Jkm98QUX2OAc4WrnDa9ne66WbsoJtL1w8iGjJH\nPeNupuWmD+bi1P0R1F38PdSw+pJuUMV1z1nr0jnzZ+IuXPNumwE4xk6XzLyVHwn6\n6A376hBZt9Gh+FJTkUwnxFbLOslaMtxgKPp2zpxTbD663OfzzGU5wjECi4rJhkoI\nQ8AVDbRYrLJtPAcsE15mjIYF35+X6dl1dQKCAQEAvHuHBiMJmm0M063S1OEnImbh\nUNQTG0aGqBeDIIobpIP1aU1Y9A1kNzZpR4UhbxnXpIBjzouLvWej9bK0nlrQq1Gb\nMASyniCqynGz1qtOc5Q7xw/w2BGP62nzlPiSNsJgiQvyaAHc1kp4+6ZiP1S14QJA\nfLWNYOuCPM91dD2Cdil8u+qAzEMtuK8cOqz+yE5qoAtcUIzo/MrXCqiU0fUZ3KNb\nanIm72K/sAo4q0yOkW5AzGpccVC9yO9XRxLBWqMhlKGWc5BKK/50EMfiMkhrU85X\nIp71Kd+YC49xJYElvewZ0bw4ggAgJE82/SUPaUuzdjPQQVVpOHOCzJeEYbkEFg==\n-----END RSA PRIVATE KEY-----\n",
            "content_base64": null,
            "content_base64sha256": "TtHeVM4v8hKe26BeSnmjo052VOgweHt7yLQqYl8S/Us=",
            "content_base64sha512": "Ks2VAJoLBfGXY/phZGzMlLvCCgp/OeHr5zCaFlzFdyOS34Z0o46ACPrpePHQhurEBBgz/rsEShZ2WnJn5YcSKA==",
            "content_md5": "0ccadc8e51759ef04a25b4c28501b0fd",
            "content_sha1": "763ef4422c8d0e5fbdd14a3e2c6931817519de30",
            "content_sha256": "4ed1de54ce2ff2129edba05e4a79a3a34e7654e830787b7bc8b42a625f12fd4b",
            "content_sha512": "2acd95009a0b05f19763fa61646ccc94bbc20a0a7f39e1ebe7309a165cc5772392df8674a38e8008fae978f1d086eac4041833febb044a16765a7267e5871228",
            "directory_permission": "0777",
            "file_permission": "0777",
            "filename": "private_key",
            "id": "763ef4422c8d0e5fbdd14a3e2c6931817519de30",
            "sensitive_content": null,
            "source": null
          },
          "sensitive_attributes": [
            [
              {
                "type": "get_attr",
                "value": "sensitive_content"
              }
            ],
            [
              {
                "type": "get_attr",
                "value": "content"
              }
            ]
          ],
          "dependencies": [
            "tls_private_key.rsa"
          ]
        }
      ]
    },
    {
      "mode": "managed",
      "type": "random_id",
      "name": "rand_id",
      "provider": "provider[\"registry.terraform.io/hashicorp/random\"]",
      "instances": [
        {
          "schema_version": 0,
          "attributes": {
            "b64_std": "3eGyNQJp4wg=",
            "b64_url": "3eGyNQJp4wg",
            "byte_length": 8,
            "dec": "15988256092885476104",
            "hex": "dde1b2350269e308",
            "id": "3eGyNQJp4wg",
            "keepers": null,
            "prefix": null
          },
          "sensitive_attributes": []
        }
      ]
    },
    {
      "mode": "managed",
      "type": "tls_private_key",
      "name": "rsa",
      "provider": "provider[\"registry.terraform.io/hashicorp/tls\"]",
      "instances": [
        {
          "schema_version": 1,
          "attributes": {
            "algorithm": "RSA",
            "ecdsa_curve": "P224",
            "id": "de96be565c3515b1414e5b1c0bc98d609011dc2b",
            "private_key_openssh": "-----BEGIN OPENSSH PRIVATE KEY-----\nb3BlbnNzaC1rZXktdjEAAAAABG5vbmUAAAAEbm9uZQAAAAAAAAABAAACFwAAAAdz\nc2gtcnNhAAAAAwEAAQAAAgEAzxqb3gJ2qVcQOapmKNV3OZzP7metj0oQg+QoD3el\nG1mXQOr6LD3a0cZUNDvTsXn6UI1vN9ZnAHEDaGZ5VVN6w9Ceo/uA1J0y9GSYg+b3\n5vBCvCxWJGtJkhi4uEmvUa6+bZR+KL7npvN/a0X4uZOR7sFQfNyH4e7ST2ykBqBh\n9yNw7KOFrjHAnRSmCaJb82/+6/UATb7AbPagIC/5vyS3ZU/wjHYQqypguR4RzFGp\nW0CEyBoxZ++L/KqlciCNaB7jGTIPso3z8lkh55QFxbYMwhV1YbAxUCUVCP2+Tv23\nusBnGDd41XShIswhhvEwgnG40XJYz5sE6la8VM3HaRUQZdp8ZA12+Vc2+t+4C979\nU7lr/CRvZC+nb6wRpTsFffP6h3xmlVcPKQCa7HjhRmY9WlubP0okZK+D/bjSxdgL\nqLspEs1M7Vxc2JVVmun8pA52cz9Xs5W6N3T/WSH7xJvq/RJlUTAv1xkenjTYn3Oh\ntJAJgLvXSzKmZRYKMfdb2HmQOKHOAcnvA0iIhVTgNePi9CoLXgJRR18jn7SM7SFd\nWwDhlUyTCccPIRgtHXSFgHx450LRhAhf8o3XQaKEpdNASTckfIvofNL/qrmetHkR\nquFZjTOt2Ub4xzJmHcfVNhVHqRjzD0gDQbfDVGZTRC51R4kvHXwfogvjxLPI359S\nITMAAAc4cOPANXDjwDUAAAAHc3NoLXJzYQAAAgEAzxqb3gJ2qVcQOapmKNV3OZzP\n7metj0oQg+QoD3elG1mXQOr6LD3a0cZUNDvTsXn6UI1vN9ZnAHEDaGZ5VVN6w9Ce\no/uA1J0y9GSYg+b35vBCvCxWJGtJkhi4uEmvUa6+bZR+KL7npvN/a0X4uZOR7sFQ\nfNyH4e7ST2ykBqBh9yNw7KOFrjHAnRSmCaJb82/+6/UATb7AbPagIC/5vyS3ZU/w\njHYQqypguR4RzFGpW0CEyBoxZ++L/KqlciCNaB7jGTIPso3z8lkh55QFxbYMwhV1\nYbAxUCUVCP2+Tv23usBnGDd41XShIswhhvEwgnG40XJYz5sE6la8VM3HaRUQZdp8\nZA12+Vc2+t+4C979U7lr/CRvZC+nb6wRpTsFffP6h3xmlVcPKQCa7HjhRmY9Wlub\nP0okZK+D/bjSxdgLqLspEs1M7Vxc2JVVmun8pA52cz9Xs5W6N3T/WSH7xJvq/RJl\nUTAv1xkenjTYn3OhtJAJgLvXSzKmZRYKMfdb2HmQOKHOAcnvA0iIhVTgNePi9CoL\nXgJRR18jn7SM7SFdWwDhlUyTCccPIRgtHXSFgHx450LRhAhf8o3XQaKEpdNASTck\nfIvofNL/qrmetHkRquFZjTOt2Ub4xzJmHcfVNhVHqRjzD0gDQbfDVGZTRC51R4kv\nHXwfogvjxLPI359SITMAAAADAQABAAACAQCuEKU0YUmuZjiC3w7h/xgn2f6BV65u\nIkfjMl3hMiQY6qHPtC70BEDn0xNum2H/Zo/WKClz+sWzf0jn9EjCSFmEPtE27emH\nyV/MPMhbBEMTXJgaZAE6ttms6w5GBdhOhNoUa5vlTx6QGVPcq4CzKK6cxumJKCkk\n4X7ttlfeIep0ttrwaTewAqzq2TH8IvO5lUXit5a7wTkl29sVcn0sBAYIJrn8tDaq\nRgHpVLaMzY3T3lQ7gphHzPQRNrO7SlTPUDZ7NLIw1lJUPEncw3Jei/YJIdP4eQfZ\nXnFhjzLmXSSQ16lOl0D91vqfroX3TrwAxugZUUwHoTjuZFwBwrp5PXT7Qu16S3xs\n7R9LWe9gA00Khl4vc5OzUxbUJmj9hZckVQdkE8kj23esnlYx1IU3ahUHL0xHDr7L\notAKjhgQqUFzKiMF1g0XwzqnFxhHhqBU6fOC/j9h02RzeGS2FLLQG5Qh+AY0W40I\nACRJxkvPZCnQ5dc+A4OL/Yqv98jiwJwZc5UzM9pklyYXJlmTE3F75cqzl7e8erFN\n5lmZUUsI39ey9BAZ+wAcAwbapyujnHEvjsUhpJ+VafkalCmFrgxJW5qSozb6w2qx\ntmpDnroIGrnAMRF16Rf5D0jtPQIrndPyA19Z+D3Svnlyh/F48xstRkSRUnjQJib2\nbAq+qyVzJGKL8QAAAQEAvHuHBiMJmm0M063S1OEnImbhUNQTG0aGqBeDIIobpIP1\naU1Y9A1kNzZpR4UhbxnXpIBjzouLvWej9bK0nlrQq1GbMASyniCqynGz1qtOc5Q7\nxw/w2BGP62nzlPiSNsJgiQvyaAHc1kp4+6ZiP1S14QJAfLWNYOuCPM91dD2Cdil8\nu+qAzEMtuK8cOqz+yE5qoAtcUIzo/MrXCqiU0fUZ3KNbanIm72K/sAo4q0yOkW5A\nzGpccVC9yO9XRxLBWqMhlKGWc5BKK/50EMfiMkhrU85XIp71Kd+YC49xJYElvewZ\n0bw4ggAgJE82/SUPaUuzdjPQQVVpOHOCzJeEYbkEFgAAAQEA3k4jRnenhXk+SV52\n18dXumINWC0cmzWDkWR4xkgzISZC7I0dd9bRlf6Pb3Gj3jjsjmdUG/QdFoiGhq2x\nckLX8zk74/YSK9fNwZ8fXwnlNtxrf+09dLMG+yUybqkuDhbSlsv4u4Zo0TrkQrrs\n84TYqkU2A9VdT01fNtCowiZLMpRfobxUY7ErzHaiyEm+qszul+s0frGQcWPZEFPc\n5kdCwqiRNitgIiZMk4kHUZsrDp2Uyn9DTLvKp1RotxthYqZDYqtjo9oS362k01mf\n5MV5g7h3u5kMXgxpGGMlfFi/LV7mF2JuQT7vQBf4BlwAR4TAJXymZ+XcepqEo84+\ngaMA5QAAAQEA7n6h7TdLKB7oJfn7HVQhLg9hckaUQKg1wP2iLWxeS9hX4Zhr/8Yv\nsqeEVXKXULMGUPS3/wG1c1HLGnLLKeKsRXCzDgXzjQO+fufy7TCw6EZ9V8NS0nan\nXgyc356Zy9YOE2rP04NjMgj9x5edcARe0o2IyfCpOBk5BX0/zkUTGisem3y6fTwc\nhxAQ1a7QID8ShsK8IDi/nxE7SuKBYws5kUxxW25QOAClYcOOdnnOPU31VTnhblb0\n1fl0itfbASlThUBlf1H1AuPYs5NEnRBPBeSld941dO/9g+C0a8xnep5r6WOWyn7m\nkjwx67zaK+IO3zYoORqe6cyZDjP9KHowNwAAAAAB\n-----END OPENSSH PRIVATE KEY-----\n",
            "private_key_pem": "-----BEGIN RSA PRIVATE KEY-----\nMIIJKgIBAAKCAgEAzxqb3gJ2qVcQOapmKNV3OZzP7metj0oQg+QoD3elG1mXQOr6\nLD3a0cZUNDvTsXn6UI1vN9ZnAHEDaGZ5VVN6w9Ceo/uA1J0y9GSYg+b35vBCvCxW\nJGtJkhi4uEmvUa6+bZR+KL7npvN/a0X4uZOR7sFQfNyH4e7ST2ykBqBh9yNw7KOF\nrjHAnRSmCaJb82/+6/UATb7AbPagIC/5vyS3ZU/wjHYQqypguR4RzFGpW0CEyBox\nZ++L/KqlciCNaB7jGTIPso3z8lkh55QFxbYMwhV1YbAxUCUVCP2+Tv23usBnGDd4\n1XShIswhhvEwgnG40XJYz5sE6la8VM3HaRUQZdp8ZA12+Vc2+t+4C979U7lr/CRv\nZC+nb6wRpTsFffP6h3xmlVcPKQCa7HjhRmY9WlubP0okZK+D/bjSxdgLqLspEs1M\n7Vxc2JVVmun8pA52cz9Xs5W6N3T/WSH7xJvq/RJlUTAv1xkenjTYn3OhtJAJgLvX\nSzKmZRYKMfdb2HmQOKHOAcnvA0iIhVTgNePi9CoLXgJRR18jn7SM7SFdWwDhlUyT\nCccPIRgtHXSFgHx450LRhAhf8o3XQaKEpdNASTckfIvofNL/qrmetHkRquFZjTOt\n2Ub4xzJmHcfVNhVHqRjzD0gDQbfDVGZTRC51R4kvHXwfogvjxLPI359SITMCAwEA\nAQKCAgEArhClNGFJrmY4gt8O4f8YJ9n+gVeubiJH4zJd4TIkGOqhz7Qu9ARA59MT\nbpth/2aP1igpc/rFs39I5/RIwkhZhD7RNu3ph8lfzDzIWwRDE1yYGmQBOrbZrOsO\nRgXYToTaFGub5U8ekBlT3KuAsyiunMbpiSgpJOF+7bZX3iHqdLba8Gk3sAKs6tkx\n/CLzuZVF4reWu8E5JdvbFXJ9LAQGCCa5/LQ2qkYB6VS2jM2N095UO4KYR8z0ETaz\nu0pUz1A2ezSyMNZSVDxJ3MNyXov2CSHT+HkH2V5xYY8y5l0kkNepTpdA/db6n66F\n9068AMboGVFMB6E47mRcAcK6eT10+0Ltekt8bO0fS1nvYANNCoZeL3OTs1MW1CZo\n/YWXJFUHZBPJI9t3rJ5WMdSFN2oVBy9MRw6+y6LQCo4YEKlBcyojBdYNF8M6pxcY\nR4agVOnzgv4/YdNkc3hkthSy0BuUIfgGNFuNCAAkScZLz2Qp0OXXPgODi/2Kr/fI\n4sCcGXOVMzPaZJcmFyZZkxNxe+XKs5e3vHqxTeZZmVFLCN/XsvQQGfsAHAMG2qcr\no5xxL47FIaSflWn5GpQpha4MSVuakqM2+sNqsbZqQ566CBq5wDERdekX+Q9I7T0C\nK53T8gNfWfg90r55cofxePMbLUZEkVJ40CYm9mwKvqslcyRii/ECggEBAN5OI0Z3\np4V5PkledtfHV7piDVgtHJs1g5FkeMZIMyEmQuyNHXfW0ZX+j29xo9447I5nVBv0\nHRaIhoatsXJC1/M5O+P2EivXzcGfH18J5Tbca3/tPXSzBvslMm6pLg4W0pbL+LuG\naNE65EK67POE2KpFNgPVXU9NXzbQqMImSzKUX6G8VGOxK8x2oshJvqrM7pfrNH6x\nkHFj2RBT3OZHQsKokTYrYCImTJOJB1GbKw6dlMp/Q0y7yqdUaLcbYWKmQ2KrY6Pa\nEt+tpNNZn+TFeYO4d7uZDF4MaRhjJXxYvy1e5hdibkE+70AX+AZcAEeEwCV8pmfl\n3HqahKPOPoGjAOUCggEBAO5+oe03Syge6CX5+x1UIS4PYXJGlECoNcD9oi1sXkvY\nV+GYa//GL7KnhFVyl1CzBlD0t/8BtXNRyxpyyynirEVwsw4F840Dvn7n8u0wsOhG\nfVfDUtJ2p14MnN+emcvWDhNqz9ODYzII/ceXnXAEXtKNiMnwqTgZOQV9P85FExor\nHpt8un08HIcQENWu0CA/EobCvCA4v58RO0rigWMLOZFMcVtuUDgApWHDjnZ5zj1N\n9VU54W5W9NX5dIrX2wEpU4VAZX9R9QLj2LOTRJ0QTwXkpXfeNXTv/YPgtGvMZ3qe\na+ljlsp+5pI8Meu82iviDt82KDkanunMmQ4z/Sh6MDcCggEAdxFm93FTOrxLzkRY\nZw6QQHYQK7BN6Bvrkk48GgfFyvWRVt3mcK+QpkQoU0qMuJPIsCVL+YTwp4cMdspF\nhquiutVm7Jx58x2tSQ2PYfoM2SuKMITDK+RP0uiDcJ4Q2t8CgF5TpS1Cqv5eEBfK\nnkwDOH/FhJwdVEJewx9TpFmaYUbzSc9za8oTaXoJijlldFo7WQdToKA+e109f+9L\nG9QDP/vFezwUS3Y0AbmdP+paT4O7lBJB27Ghw6oERD7YFFx1Lz4ZKkO9ZCy/YaxZ\nZdEXWqPNDZ/V7fG7wKIqC8YE76oql0/TOgMZZjzwTYetZqEFwY5YGsIVK13juVDY\nTdseuQKCAQEAwZeNPY9atJCSBPGsQxxdapQVl7tu8CUarTO1B4Yl7Q8KFxew4wgv\nA6gzJWFFLr6DbAeZq6fpcFh+s1NnUvKqwBtBXSq7jkXxxfXmHV8e2w0NBcaJXknu\nhctbM7H8SZfSCTT0yk6moKDnz7Jkm98QUX2OAc4WrnDa9ne66WbsoJtL1w8iGjJH\nPeNupuWmD+bi1P0R1F38PdSw+pJuUMV1z1nr0jnzZ+IuXPNumwE4xk6XzLyVHwn6\n6A376hBZt9Gh+FJTkUwnxFbLOslaMtxgKPp2zpxTbD663OfzzGU5wjECi4rJhkoI\nQ8AVDbRYrLJtPAcsE15mjIYF35+X6dl1dQKCAQEAvHuHBiMJmm0M063S1OEnImbh\nUNQTG0aGqBeDIIobpIP1aU1Y9A1kNzZpR4UhbxnXpIBjzouLvWej9bK0nlrQq1Gb\nMASyniCqynGz1qtOc5Q7xw/w2BGP62nzlPiSNsJgiQvyaAHc1kp4+6ZiP1S14QJA\nfLWNYOuCPM91dD2Cdil8u+qAzEMtuK8cOqz+yE5qoAtcUIzo/MrXCqiU0fUZ3KNb\nanIm72K/sAo4q0yOkW5AzGpccVC9yO9XRxLBWqMhlKGWc5BKK/50EMfiMkhrU85X\nIp71Kd+YC49xJYElvewZ0bw4ggAgJE82/SUPaUuzdjPQQVVpOHOCzJeEYbkEFg==\n-----END RSA PRIVATE KEY-----\n",
            "private_key_pem_pkcs8": "-----BEGIN PRIVATE KEY-----\nMIIJRAIBADANBgkqhkiG9w0BAQEFAASCCS4wggkqAgEAAoICAQDPGpveAnapVxA5\nqmYo1Xc5nM/uZ62PShCD5CgPd6UbWZdA6vosPdrRxlQ0O9OxefpQjW831mcAcQNo\nZnlVU3rD0J6j+4DUnTL0ZJiD5vfm8EK8LFYka0mSGLi4Sa9Rrr5tlH4ovuem839r\nRfi5k5HuwVB83Ifh7tJPbKQGoGH3I3Dso4WuMcCdFKYJolvzb/7r9QBNvsBs9qAg\nL/m/JLdlT/CMdhCrKmC5HhHMUalbQITIGjFn74v8qqVyII1oHuMZMg+yjfPyWSHn\nlAXFtgzCFXVhsDFQJRUI/b5O/be6wGcYN3jVdKEizCGG8TCCcbjRcljPmwTqVrxU\nzcdpFRBl2nxkDXb5Vzb637gL3v1TuWv8JG9kL6dvrBGlOwV98/qHfGaVVw8pAJrs\neOFGZj1aW5s/SiRkr4P9uNLF2AuouykSzUztXFzYlVWa6fykDnZzP1ezlbo3dP9Z\nIfvEm+r9EmVRMC/XGR6eNNifc6G0kAmAu9dLMqZlFgox91vYeZA4oc4Bye8DSIiF\nVOA14+L0KgteAlFHXyOftIztIV1bAOGVTJMJxw8hGC0ddIWAfHjnQtGECF/yjddB\nooSl00BJNyR8i+h80v+quZ60eRGq4VmNM63ZRvjHMmYdx9U2FUepGPMPSANBt8NU\nZlNELnVHiS8dfB+iC+PEs8jfn1IhMwIDAQABAoICAQCuEKU0YUmuZjiC3w7h/xgn\n2f6BV65uIkfjMl3hMiQY6qHPtC70BEDn0xNum2H/Zo/WKClz+sWzf0jn9EjCSFmE\nPtE27emHyV/MPMhbBEMTXJgaZAE6ttms6w5GBdhOhNoUa5vlTx6QGVPcq4CzKK6c\nxumJKCkk4X7ttlfeIep0ttrwaTewAqzq2TH8IvO5lUXit5a7wTkl29sVcn0sBAYI\nJrn8tDaqRgHpVLaMzY3T3lQ7gphHzPQRNrO7SlTPUDZ7NLIw1lJUPEncw3Jei/YJ\nIdP4eQfZXnFhjzLmXSSQ16lOl0D91vqfroX3TrwAxugZUUwHoTjuZFwBwrp5PXT7\nQu16S3xs7R9LWe9gA00Khl4vc5OzUxbUJmj9hZckVQdkE8kj23esnlYx1IU3ahUH\nL0xHDr7LotAKjhgQqUFzKiMF1g0XwzqnFxhHhqBU6fOC/j9h02RzeGS2FLLQG5Qh\n+AY0W40IACRJxkvPZCnQ5dc+A4OL/Yqv98jiwJwZc5UzM9pklyYXJlmTE3F75cqz\nl7e8erFN5lmZUUsI39ey9BAZ+wAcAwbapyujnHEvjsUhpJ+VafkalCmFrgxJW5qS\nozb6w2qxtmpDnroIGrnAMRF16Rf5D0jtPQIrndPyA19Z+D3Svnlyh/F48xstRkSR\nUnjQJib2bAq+qyVzJGKL8QKCAQEA3k4jRnenhXk+SV5218dXumINWC0cmzWDkWR4\nxkgzISZC7I0dd9bRlf6Pb3Gj3jjsjmdUG/QdFoiGhq2xckLX8zk74/YSK9fNwZ8f\nXwnlNtxrf+09dLMG+yUybqkuDhbSlsv4u4Zo0TrkQrrs84TYqkU2A9VdT01fNtCo\nwiZLMpRfobxUY7ErzHaiyEm+qszul+s0frGQcWPZEFPc5kdCwqiRNitgIiZMk4kH\nUZsrDp2Uyn9DTLvKp1RotxthYqZDYqtjo9oS362k01mf5MV5g7h3u5kMXgxpGGMl\nfFi/LV7mF2JuQT7vQBf4BlwAR4TAJXymZ+XcepqEo84+gaMA5QKCAQEA7n6h7TdL\nKB7oJfn7HVQhLg9hckaUQKg1wP2iLWxeS9hX4Zhr/8YvsqeEVXKXULMGUPS3/wG1\nc1HLGnLLKeKsRXCzDgXzjQO+fufy7TCw6EZ9V8NS0nanXgyc356Zy9YOE2rP04Nj\nMgj9x5edcARe0o2IyfCpOBk5BX0/zkUTGisem3y6fTwchxAQ1a7QID8ShsK8IDi/\nnxE7SuKBYws5kUxxW25QOAClYcOOdnnOPU31VTnhblb01fl0itfbASlThUBlf1H1\nAuPYs5NEnRBPBeSld941dO/9g+C0a8xnep5r6WOWyn7mkjwx67zaK+IO3zYoORqe\n6cyZDjP9KHowNwKCAQB3EWb3cVM6vEvORFhnDpBAdhArsE3oG+uSTjwaB8XK9ZFW\n3eZwr5CmRChTSoy4k8iwJUv5hPCnhwx2ykWGq6K61WbsnHnzHa1JDY9h+gzZK4ow\nhMMr5E/S6INwnhDa3wKAXlOlLUKq/l4QF8qeTAM4f8WEnB1UQl7DH1OkWZphRvNJ\nz3NryhNpegmKOWV0WjtZB1OgoD57XT1/70sb1AM/+8V7PBRLdjQBuZ0/6lpPg7uU\nEkHbsaHDqgREPtgUXHUvPhkqQ71kLL9hrFll0Rdao80Nn9Xt8bvAoioLxgTvqiqX\nT9M6AxlmPPBNh61moQXBjlgawhUrXeO5UNhN2x65AoIBAQDBl409j1q0kJIE8axD\nHF1qlBWXu27wJRqtM7UHhiXtDwoXF7DjCC8DqDMlYUUuvoNsB5mrp+lwWH6zU2dS\n8qrAG0FdKruORfHF9eYdXx7bDQ0FxoleSe6Fy1szsfxJl9IJNPTKTqagoOfPsmSb\n3xBRfY4BzhaucNr2d7rpZuygm0vXDyIaMkc9426m5aYP5uLU/RHUXfw91LD6km5Q\nxXXPWevSOfNn4i5c826bATjGTpfMvJUfCfroDfvqEFm30aH4UlORTCfEVss6yVoy\n3GAo+nbOnFNsPrrc5/PMZTnCMQKLismGSghDwBUNtFissm08BywTXmaMhgXfn5fp\n2XV1AoIBAQC8e4cGIwmabQzTrdLU4SciZuFQ1BMbRoaoF4Mgihukg/VpTVj0DWQ3\nNmlHhSFvGdekgGPOi4u9Z6P1srSeWtCrUZswBLKeIKrKcbPWq05zlDvHD/DYEY/r\nafOU+JI2wmCJC/JoAdzWSnj7pmI/VLXhAkB8tY1g64I8z3V0PYJ2KXy76oDMQy24\nrxw6rP7ITmqgC1xQjOj8ytcKqJTR9Rnco1tqcibvYr+wCjirTI6RbkDMalxxUL3I\n71dHEsFaoyGUoZZzkEor/nQQx+IySGtTzlcinvUp35gLj3ElgSW97BnRvDiCACAk\nTzb9JQ9pS7N2M9BBVWk4c4LMl4RhuQQW\n-----END PRIVATE KEY-----\n",
            "public_key_fingerprint_md5": "c9:d8:c6:b0:95:fd:bd:0f:51:b9:59:ab:06:1a:f4:7a",
            "public_key_fingerprint_sha256": "SHA256:z4yGri64Zysy0B2umsSF4Artug4M31gptUxmlXKY+q0",
            "public_key_openssh": "ssh-rsa AAAAB3NzaC1yc2EAAAADAQABAAACAQDPGpveAnapVxA5qmYo1Xc5nM/uZ62PShCD5CgPd6UbWZdA6vosPdrRxlQ0O9OxefpQjW831mcAcQNoZnlVU3rD0J6j+4DUnTL0ZJiD5vfm8EK8LFYka0mSGLi4Sa9Rrr5tlH4ovuem839rRfi5k5HuwVB83Ifh7tJPbKQGoGH3I3Dso4WuMcCdFKYJolvzb/7r9QBNvsBs9qAgL/m/JLdlT/CMdhCrKmC5HhHMUalbQITIGjFn74v8qqVyII1oHuMZMg+yjfPyWSHnlAXFtgzCFXVhsDFQJRUI/b5O/be6wGcYN3jVdKEizCGG8TCCcbjRcljPmwTqVrxUzcdpFRBl2nxkDXb5Vzb637gL3v1TuWv8JG9kL6dvrBGlOwV98/qHfGaVVw8pAJrseOFGZj1aW5s/SiRkr4P9uNLF2AuouykSzUztXFzYlVWa6fykDnZzP1ezlbo3dP9ZIfvEm+r9EmVRMC/XGR6eNNifc6G0kAmAu9dLMqZlFgox91vYeZA4oc4Bye8DSIiFVOA14+L0KgteAlFHXyOftIztIV1bAOGVTJMJxw8hGC0ddIWAfHjnQtGECF/yjddBooSl00BJNyR8i+h80v+quZ60eRGq4VmNM63ZRvjHMmYdx9U2FUepGPMPSANBt8NUZlNELnVHiS8dfB+iC+PEs8jfn1IhMw==\n",
            "public_key_pem": "-----BEGIN PUBLIC KEY-----\nMIICIjANBgkqhkiG9w0BAQEFAAOCAg8AMIICCgKCAgEAzxqb3gJ2qVcQOapmKNV3\nOZzP7metj0oQg+QoD3elG1mXQOr6LD3a0cZUNDvTsXn6UI1vN9ZnAHEDaGZ5VVN6\nw9Ceo/uA1J0y9GSYg+b35vBCvCxWJGtJkhi4uEmvUa6+bZR+KL7npvN/a0X4uZOR\n7sFQfNyH4e7ST2ykBqBh9yNw7KOFrjHAnRSmCaJb82/+6/UATb7AbPagIC/5vyS3\nZU/wjHYQqypguR4RzFGpW0CEyBoxZ++L/KqlciCNaB7jGTIPso3z8lkh55QFxbYM\nwhV1YbAxUCUVCP2+Tv23usBnGDd41XShIswhhvEwgnG40XJYz5sE6la8VM3HaRUQ\nZdp8ZA12+Vc2+t+4C979U7lr/CRvZC+nb6wRpTsFffP6h3xmlVcPKQCa7HjhRmY9\nWlubP0okZK+D/bjSxdgLqLspEs1M7Vxc2JVVmun8pA52cz9Xs5W6N3T/WSH7xJvq\n/RJlUTAv1xkenjTYn3OhtJAJgLvXSzKmZRYKMfdb2HmQOKHOAcnvA0iIhVTgNePi\n9CoLXgJRR18jn7SM7SFdWwDhlUyTCccPIRgtHXSFgHx450LRhAhf8o3XQaKEpdNA\nSTckfIvofNL/qrmetHkRquFZjTOt2Ub4xzJmHcfVNhVHqRjzD0gDQbfDVGZTRC51\nR4kvHXwfogvjxLPI359SITMCAwEAAQ==\n-----END PUBLIC KEY-----\n",
            "rsa_bits": 4096
          },
          "sensitive_attributes": [
            [
              {
                "type": "get_attr",
                "value": "private_key_pem"
              }
            ],
            [
              {
                "type": "get_attr",
                "value": "private_key_pem_pkcs8"
              }
            ],
            [
              {
                "type": "get_attr",
                "value": "private_key_openssh"
              }
            ]
          ]
        }
      ]
    }
  ],
  "check_results": null
}
