{
  "version": 4,
  "terraform_version": "1.9.7",
  "serial": 26,
  "lineage": "2df1e995-e81c-f827-aa92-44a11512e073",
  "outputs": {
    "output": {
      "value": [
        {
          "role": "AmazonEC2FullAccess",
          "username": "BabuRao"
        },
        {
          "role": "AmazonS3ReadOnlyAccess",
          "username": "BabuRao"
        },
        {
          "role": "AmazonS3ReadOnlyAccess",
          "username": "Shyam"
        },
        {
          "role": "AmazonEC2FullAccess",
          "username": "Raju"
        }
      ],
      "type": [
        "tuple",
        [
          [
            "object",
            {
              "role": "string",
              "username": "string"
            }
          ],
          [
            "object",
            {
              "role": "string",
              "username": "string"
            }
          ],
          [
            "object",
            {
              "role": "string",
              "username": "string"
            }
          ],
          [
            "object",
            {
              "role": "string",
              "username": "string"
            }
          ]
        ]
      ]
    }
  },
  "resources": [
    {
      "mode": "managed",
      "type": "aws_iam_user",
      "name": "users",
      "provider": "provider[\"registry.terraform.io/hashicorp/aws\"]",
      "instances": [
        {
          "index_key": "BabuRao",
          "schema_version": 0,
          "attributes": {
            "arn": "arn:aws:iam::476114148640:user/BabuRao",
            "force_destroy": false,
            "id": "BabuRao",
            "name": "BabuRao",
            "path": "/",
            "permissions_boundary": "",
            "tags": {},
            "tags_all": {},
            "unique_id": "AIDAW5WU5LUQERYCA74K7"
          },
          "sensitive_attributes": [],
          "private": "bnVsbA=="
        },
        {
          "index_key": "Raju",
          "schema_version": 0,
          "attributes": {
            "arn": "arn:aws:iam::476114148640:user/Raju",
            "force_destroy": false,
            "id": "Raju",
            "name": "Raju",
            "path": "/",
            "permissions_boundary": "",
            "tags": {},
            "tags_all": {},
            "unique_id": "AIDAW5WU5LUQMR2WFKELD"
          },
          "sensitive_attributes": [],
          "private": "bnVsbA=="
        },
        {
          "index_key": "Shyam",
          "schema_version": 0,
          "attributes": {
            "arn": "arn:aws:iam::476114148640:user/Shyam",
            "force_destroy": false,
            "id": "Shyam",
            "name": "Shyam",
            "path": "/",
            "permissions_boundary": "",
            "tags": {},
            "tags_all": {},
            "unique_id": "AIDAW5WU5LUQLUW3ASHA5"
          },
          "sensitive_attributes": [],
          "private": "bnVsbA=="
        }
      ]
    },
    {
      "mode": "managed",
      "type": "aws_iam_user_login_profile",
      "name": "profile",
      "provider": "provider[\"registry.terraform.io/hashicorp/aws\"]",
      "instances": [
        {
          "index_key": "BabuRao",
          "schema_version": 0,
          "attributes": {
            "encrypted_password": null,
            "id": "BabuRao",
            "key_fingerprint": null,
            "password": "[dq)s5Y}VEnT4BWe}mVu",
            "password_length": 20,
            "password_reset_required": null,
            "pgp_key": null,
            "user": "BabuRao"
          },
          "sensitive_attributes": [],
          "private": "bnVsbA==",
          "dependencies": [
            "aws_iam_user.users"
          ]
        },
        {
          "index_key": "Raju",
          "schema_version": 0,
          "attributes": {
            "encrypted_password": null,
            "id": "Raju",
            "key_fingerprint": null,
            "password": "X23qbP^YbZ=W{d1OU1)G",
            "password_length": 20,
            "password_reset_required": null,
            "pgp_key": null,
            "user": "Raju"
          },
          "sensitive_attributes": [],
          "private": "bnVsbA==",
          "dependencies": [
            "aws_iam_user.users"
          ]
        },
        {
          "index_key": "Shyam",
          "schema_version": 0,
          "attributes": {
            "encrypted_password": null,
            "id": "Shyam",
            "key_fingerprint": null,
            "password": "m'KS7sr8$)m'MqR]kNYN",
            "password_length": 20,
            "password_reset_required": null,
            "pgp_key": null,
            "user": "Shyam"
          },
          "sensitive_attributes": [],
          "private": "bnVsbA==",
          "dependencies": [
            "aws_iam_user.users"
          ]
        }
      ]
    },
    {
      "mode": "managed",
      "type": "aws_iam_user_policy_attachment",
      "name": "name",
      "provider": "provider[\"registry.terraform.io/hashicorp/aws\"]",
      "instances": [
        {
          "index_key": "BabuRao-AmazonEC2FullAccess",
          "schema_version": 0,
          "attributes": {
            "id": "BabuRao-20241020130811462000000001",
            "policy_arn": "arn:aws:iam::aws:policy/AmazonEC2FullAccess",
            "user": "BabuRao"
          },
          "sensitive_attributes": [],
          "private": "bnVsbA==",
          "dependencies": [
            "aws_iam_user.users"
          ]
        },
        {
          "index_key": "BabuRao-AmazonS3ReadOnlyAccess",
          "schema_version": 0,
          "attributes": {
            "id": "BabuRao-20241020130811502100000004",
            "policy_arn": "arn:aws:iam::aws:policy/AmazonS3ReadOnlyAccess",
            "user": "BabuRao"
          },
          "sensitive_attributes": [],
          "private": "bnVsbA==",
          "dependencies": [
            "aws_iam_user.users"
          ]
        },
        {
          "index_key": "Raju-AmazonEC2FullAccess",
          "schema_version": 0,
          "attributes": {
            "id": "Raju-20241020130811475900000002",
            "policy_arn": "arn:aws:iam::aws:policy/AmazonEC2FullAccess",
            "user": "Raju"
          },
          "sensitive_attributes": [],
          "private": "bnVsbA==",
          "dependencies": [
            "aws_iam_user.users"
          ]
        },
        {
          "index_key": "Shyam-AmazonS3ReadOnlyAccess",
          "schema_version": 0,
          "attributes": {
            "id": "Shyam-20241020130811475900000003",
            "policy_arn": "arn:aws:iam::aws:policy/AmazonS3ReadOnlyAccess",
            "user": "Shyam"
          },
          "sensitive_attributes": [],
          "private": "bnVsbA==",
          "dependencies": [
            "aws_iam_user.users"
          ]
        }
      ]
    }
  ],
  "check_results": null
}
